{
  "name": "@major-mann/graphql-helpers-service",
  "version": "0.0.2",
  "lockfileVersion": 1,
  "requires": true,
  "dependencies": {
    "@major-mann/graphql-datasource-base": {
      "version": "0.0.18",
      "resolved": "https://registry.npmjs.org/@major-mann/graphql-datasource-base/-/graphql-datasource-base-0.0.18.tgz",
      "integrity": "sha512-pqVtukyupUXt6JJSc1L6We6x6aBvRzGRYfDkJfJVMv55xonpJZrLEYIw78630hlfl75lmCkh5vbcGMp8GTfLow==",
      "requires": {
        "case": "^1.6.1",
        "graphql": "^14.2.1",
        "graphql-compose": "^6.3.2"
      }
    },
    "@major-mann/graphql-schema-jwk": {
      "version": "0.0.1",
      "resolved": "https://registry.npmjs.org/@major-mann/graphql-schema-jwk/-/graphql-schema-jwk-0.0.1.tgz",
      "integrity": "sha512-m+kELXg2Aa9d5XUmsQkRtsJZRHyk5VZkQbAu4LxhafJYmxPh29+zUa/POmQcKTT2dQteXuSz7OfpVpLHlAs03Q==",
      "requires": {
        "@major-mann/graphql-datasource-base": "0.0.18"
      }
    },
    "case": {
      "version": "1.6.1",
      "resolved": "https://registry.npmjs.org/case/-/case-1.6.1.tgz",
      "integrity": "sha512-N0rDB5ftMDKANGsIBRWPWcG0VIKtirgqcXb2vKFi66ySAjXVEwbfCN7ass1mkdXO8fbol3RfbWlQ9KyBX2F/Gg=="
    },
    "graphql": {
      "version": "14.2.1",
      "resolved": "https://registry.npmjs.org/graphql/-/graphql-14.2.1.tgz",
      "integrity": "sha512-2PL1UbvKeSjy/lUeJqHk+eR9CvuErXoCNwJI4jm3oNFEeY+9ELqHNKO1ZuSxAkasPkpWbmT/iMRMFxd3cEL3tQ==",
      "requires": {
        "iterall": "^1.2.2"
      }
    },
    "graphql-compose": {
      "version": "6.3.2",
      "resolved": "https://registry.npmjs.org/graphql-compose/-/graphql-compose-6.3.2.tgz",
      "integrity": "sha512-2sk4G3F/j7U4OBnPkB/HrE8Cejh8nHIJFBOGcqQvsELHXUHtx4S11zR0OU+J3cMtpE/2visBUGUhEHL9WlUK9A==",
      "requires": {
        "graphql-type-json": "^0.2.4",
        "object-path": "^0.11.4"
      }
    },
    "graphql-type-json": {
      "version": "0.2.4",
      "resolved": "https://registry.npmjs.org/graphql-type-json/-/graphql-type-json-0.2.4.tgz",
      "integrity": "sha512-/tq02ayMQjrG4oDFDRLLrPk0KvJXue0nVXoItBe7uAdbNXjQUu+HYCBdAmPLQoseVzUKKMzrhq2P/sfI76ON6w=="
    },
    "iterall": {
      "version": "1.2.2",
      "resolved": "https://registry.npmjs.org/iterall/-/iterall-1.2.2.tgz",
      "integrity": "sha512-yynBb1g+RFUPY64fTrFv7nsjRrENBQJaX2UL+2Szc9REFrSNm1rpSXHGzhmAy7a9uv3vlvgBlXnf9RqmPH1/DA=="
    },
    "object-path": {
      "version": "0.11.4",
      "resolved": "https://registry.npmjs.org/object-path/-/object-path-0.11.4.tgz",
      "integrity": "sha1-NwrnUvvzfePqcKhhwju6iRVpGUk="
    }
  }
}
